
Microsoft Visual Studio Solution File, Format Version 12.00
# Visual Studio 2013
VisualStudioVersion = 12.0.21005.1
MinimumVisualStudioVersion = 10.0.40219.1
Project("{FAE04EC0-301F-11D3-BF4B-00C04F79EFBC}") = "ChessEngine", "ChessEngine\ChessEngine.csproj", "{635959F1-0D94-4766-9182-6ED8A349DA98}"
EndProject
Project("{FAE04EC0-301F-11D3-BF4B-00C04F79EFBC}") = "UserInterface", "UserInterface\UserInterface.csproj", "{B2F5B569-EF89-45C6-AAFE-3D1319648E96}"
EndProject
Global
	GlobalSection(SolutionConfigurationPlatforms) = preSolution
		Debug|Any CPU = Debug|Any CPU
		Release|Any CPU = Release|Any CPU
	EndGlobalSection
	GlobalSection(ProjectConfigurationPlatforms) = postSolution
		{635959F1-0D94-4766-9182-6ED8A349DA98}.Debug|Any CPU.ActiveCfg = Debug|Any CPU
		{635959F1-0D94-4766-9182-6ED8A349DA98}.Debug|Any CPU.Build.0 = Debug|Any CPU
		{635959F1-0D94-4766-9182-6ED8A349DA98}.Release|Any CPU.ActiveCfg = Release|Any CPU
		{635959F1-0D94-4766-9182-6ED8A349DA98}.Release|Any CPU.Build.0 = Release|Any CPU
		{B2F5B569-EF89-45C6-AAFE-3D1319648E96}.Debug|Any CPU.ActiveCfg = Debug|Any CPU
		{B2F5B569-EF89-45C6-AAFE-3D1319648E96}.Debug|Any CPU.Build.0 = Debug|Any CPU
		{B2F5B569-EF89-45C6-AAFE-3D1319648E96}.Release|Any CPU.ActiveCfg = Release|Any CPU
		{B2F5B569-EF89-45C6-AAFE-3D1319648E96}.Release|Any CPU.Build.0 = Release|Any CPU
	EndGlobalSection
	GlobalSection(SolutionProperties) = preSolution
		HideSolutionNode = FALSE
	EndGlobalSection
EndGlobal
